
Microsoft Visual Studio Solution File, Format Version 12.00
# Visual Studio Version 17
VisualStudioVersion = 17.10.34928.147
MinimumVisualStudioVersion = 10.0.40219.1
Project("{2150E333-8FDC-42A3-9474-1A3956D46DE8}") = "src", "src", "{67F47DCD-C45E-4AC1-9748-7A42F30FD7ED}"
EndProject
Project("{FAE04EC0-301F-11D3-BF4B-00C04F79EFBC}") = "Api", "Api\Api.csproj", "{3218B1A0-1E47-4B6A-837F-C48F76402F78}"
EndProject
Project("{FAE04EC0-301F-11D3-BF4B-00C04F79EFBC}") = "Core", "Core\Core.csproj", "{2D26EFF3-32FD-418E-996D-75C28BBB60F8}"
EndProject
Project("{FAE04EC0-301F-11D3-BF4B-00C04F79EFBC}") = "Infra", "Infra\Infra.csproj", "{F9A0A7E8-445D-41AD-8BCA-142BE459898B}"
EndProject
Project("{2150E333-8FDC-42A3-9474-1A3956D46DE8}") = "Solution Items", "Solution Items", "{5A3D3312-9631-42F0-B9B0-99971FD388F7}"
	ProjectSection(SolutionItems) = preProject
		docker-compose.yml = docker-compose.yml
	EndProjectSection
EndProject
Global
	GlobalSection(SolutionConfigurationPlatforms) = preSolution
		Debug|Any CPU = Debug|Any CPU
		Release|Any CPU = Release|Any CPU
	EndGlobalSection
	GlobalSection(ProjectConfigurationPlatforms) = postSolution
		{3218B1A0-1E47-4B6A-837F-C48F76402F78}.Debug|Any CPU.ActiveCfg = Debug|Any CPU
		{3218B1A0-1E47-4B6A-837F-C48F76402F78}.Debug|Any CPU.Build.0 = Debug|Any CPU
		{3218B1A0-1E47-4B6A-837F-C48F76402F78}.Release|Any CPU.ActiveCfg = Release|Any CPU
		{3218B1A0-1E47-4B6A-837F-C48F76402F78}.Release|Any CPU.Build.0 = Release|Any CPU
		{2D26EFF3-32FD-418E-996D-75C28BBB60F8}.Debug|Any CPU.ActiveCfg = Debug|Any CPU
		{2D26EFF3-32FD-418E-996D-75C28BBB60F8}.Debug|Any CPU.Build.0 = Debug|Any CPU
		{2D26EFF3-32FD-418E-996D-75C28BBB60F8}.Release|Any CPU.ActiveCfg = Release|Any CPU
		{2D26EFF3-32FD-418E-996D-75C28BBB60F8}.Release|Any CPU.Build.0 = Release|Any CPU
		{F9A0A7E8-445D-41AD-8BCA-142BE459898B}.Debug|Any CPU.ActiveCfg = Debug|Any CPU
		{F9A0A7E8-445D-41AD-8BCA-142BE459898B}.Debug|Any CPU.Build.0 = Debug|Any CPU
		{F9A0A7E8-445D-41AD-8BCA-142BE459898B}.Release|Any CPU.ActiveCfg = Release|Any CPU
		{F9A0A7E8-445D-41AD-8BCA-142BE459898B}.Release|Any CPU.Build.0 = Release|Any CPU
	EndGlobalSection
	GlobalSection(SolutionProperties) = preSolution
		HideSolutionNode = FALSE
	EndGlobalSection
	GlobalSection(NestedProjects) = preSolution
		{3218B1A0-1E47-4B6A-837F-C48F76402F78} = {67F47DCD-C45E-4AC1-9748-7A42F30FD7ED}
		{2D26EFF3-32FD-418E-996D-75C28BBB60F8} = {67F47DCD-C45E-4AC1-9748-7A42F30FD7ED}
		{F9A0A7E8-445D-41AD-8BCA-142BE459898B} = {67F47DCD-C45E-4AC1-9748-7A42F30FD7ED}
	EndGlobalSection
	GlobalSection(ExtensibilityGlobals) = postSolution
		SolutionGuid = {5E30A8A8-AF6D-4334-A916-787066AB217D}
	EndGlobalSection
EndGlobal
